
Microsoft Visual Studio Solution File, Format Version 12.00
# Visual Studio 2013
VisualStudioVersion = 12.0.31101.0
MinimumVisualStudioVersion = 10.0.40219.1
Project("{FAE04EC0-301F-11D3-BF4B-00C04F79EFBC}") = "ProveedoresOnLine.Reports", "ProveedoresOnLine.Reports\ProveedoresOnLine.Reports.csproj", "{EABC97FB-68C5-43C4-AC67-AC7FAF6A450F}"
EndProject
Project("{FAE04EC0-301F-11D3-BF4B-00C04F79EFBC}") = "ProveedoresOnLine.Reports.Test", "ProveedoresOnLine.Reports.Test\ProveedoresOnLine.Reports.Test.csproj", "{D3B3006E-C495-4F33-8078-E837D8B21405}"
EndProject
Global
	GlobalSection(SolutionConfigurationPlatforms) = preSolution
		Debug|Any CPU = Debug|Any CPU
		Release|Any CPU = Release|Any CPU
	EndGlobalSection
	GlobalSection(ProjectConfigurationPlatforms) = postSolution
		{EABC97FB-68C5-43C4-AC67-AC7FAF6A450F}.Debug|Any CPU.ActiveCfg = Debug|Any CPU
		{EABC97FB-68C5-43C4-AC67-AC7FAF6A450F}.Debug|Any CPU.Build.0 = Debug|Any CPU
		{EABC97FB-68C5-43C4-AC67-AC7FAF6A450F}.Release|Any CPU.ActiveCfg = Release|Any CPU
		{EABC97FB-68C5-43C4-AC67-AC7FAF6A450F}.Release|Any CPU.Build.0 = Release|Any CPU
		{D3B3006E-C495-4F33-8078-E837D8B21405}.Debug|Any CPU.ActiveCfg = Debug|Any CPU
		{D3B3006E-C495-4F33-8078-E837D8B21405}.Debug|Any CPU.Build.0 = Debug|Any CPU
		{D3B3006E-C495-4F33-8078-E837D8B21405}.Release|Any CPU.ActiveCfg = Release|Any CPU
		{D3B3006E-C495-4F33-8078-E837D8B21405}.Release|Any CPU.Build.0 = Release|Any CPU
	EndGlobalSection
	GlobalSection(SolutionProperties) = preSolution
		HideSolutionNode = FALSE
	EndGlobalSection
EndGlobal
