
Microsoft Visual Studio Solution File, Format Version 12.00
# Visual Studio 2013
VisualStudioVersion = 12.0.31101.0
MinimumVisualStudioVersion = 10.0.40219.1
Project("{FAE04EC0-301F-11D3-BF4B-00C04F79EFBC}") = "ProveedoresOnLine.CalificationProject", "ProveedoresOnLine.CalificationProject\ProveedoresOnLine.CalificationProject.csproj", "{934E6C94-0807-4BB2-A096-FFCACAF17F01}"
EndProject
Project("{FAE04EC0-301F-11D3-BF4B-00C04F79EFBC}") = "ProveedoresOnLine.CalificationProject.Test", "ProveedoresOnLine.CalificationProject.Test\ProveedoresOnLine.CalificationProject.Test.csproj", "{CC2C487A-9AA9-43D7-B216-702DDE61B465}"
EndProject
Project("{FAE04EC0-301F-11D3-BF4B-00C04F79EFBC}") = "ProveedoresOnLine.CalificationBatch", "ProveedoresOnLine.CalificationBatch\ProveedoresOnLine.CalificationBatch.csproj", "{94D5B69E-04E4-4A0C-888A-BE57D3350A44}"
EndProject
Global
	GlobalSection(SolutionConfigurationPlatforms) = preSolution
		Debug|Any CPU = Debug|Any CPU
		Release|Any CPU = Release|Any CPU
	EndGlobalSection
	GlobalSection(ProjectConfigurationPlatforms) = postSolution
		{934E6C94-0807-4BB2-A096-FFCACAF17F01}.Debug|Any CPU.ActiveCfg = Debug|Any CPU
		{934E6C94-0807-4BB2-A096-FFCACAF17F01}.Debug|Any CPU.Build.0 = Debug|Any CPU
		{934E6C94-0807-4BB2-A096-FFCACAF17F01}.Release|Any CPU.ActiveCfg = Release|Any CPU
		{934E6C94-0807-4BB2-A096-FFCACAF17F01}.Release|Any CPU.Build.0 = Release|Any CPU
		{CC2C487A-9AA9-43D7-B216-702DDE61B465}.Debug|Any CPU.ActiveCfg = Debug|Any CPU
		{CC2C487A-9AA9-43D7-B216-702DDE61B465}.Debug|Any CPU.Build.0 = Debug|Any CPU
		{CC2C487A-9AA9-43D7-B216-702DDE61B465}.Release|Any CPU.ActiveCfg = Release|Any CPU
		{CC2C487A-9AA9-43D7-B216-702DDE61B465}.Release|Any CPU.Build.0 = Release|Any CPU
		{94D5B69E-04E4-4A0C-888A-BE57D3350A44}.Debug|Any CPU.ActiveCfg = Debug|Any CPU
		{94D5B69E-04E4-4A0C-888A-BE57D3350A44}.Debug|Any CPU.Build.0 = Debug|Any CPU
		{94D5B69E-04E4-4A0C-888A-BE57D3350A44}.Release|Any CPU.ActiveCfg = Release|Any CPU
		{94D5B69E-04E4-4A0C-888A-BE57D3350A44}.Release|Any CPU.Build.0 = Release|Any CPU
	EndGlobalSection
	GlobalSection(SolutionProperties) = preSolution
		HideSolutionNode = FALSE
	EndGlobalSection
EndGlobal
