
Microsoft Visual Studio Solution File, Format Version 12.00
# Visual Studio 2013
VisualStudioVersion = 12.0.30501.0
MinimumVisualStudioVersion = 10.0.40219.1
Project("{FAE04EC0-301F-11D3-BF4B-00C04F79EFBC}") = "SettingsManager", "SettingsManager\SettingsManager.csproj", "{6813624C-A132-4E42-B677-C73F373D993B}"
EndProject
Project("{FAE04EC0-301F-11D3-BF4B-00C04F79EFBC}") = "SettingsManager.Test", "SettingsManager.Test\SettingsManager.Test.csproj", "{E1AA1974-5316-41F6-87EC-EA01B79372AE}"
EndProject
Global
	GlobalSection(SolutionConfigurationPlatforms) = preSolution
		Debug|Any CPU = Debug|Any CPU
		Release|Any CPU = Release|Any CPU
	EndGlobalSection
	GlobalSection(ProjectConfigurationPlatforms) = postSolution
		{6813624C-A132-4E42-B677-C73F373D993B}.Debug|Any CPU.ActiveCfg = Debug|Any CPU
		{6813624C-A132-4E42-B677-C73F373D993B}.Debug|Any CPU.Build.0 = Debug|Any CPU
		{6813624C-A132-4E42-B677-C73F373D993B}.Release|Any CPU.ActiveCfg = Release|Any CPU
		{6813624C-A132-4E42-B677-C73F373D993B}.Release|Any CPU.Build.0 = Release|Any CPU
		{E1AA1974-5316-41F6-87EC-EA01B79372AE}.Debug|Any CPU.ActiveCfg = Debug|Any CPU
		{E1AA1974-5316-41F6-87EC-EA01B79372AE}.Debug|Any CPU.Build.0 = Debug|Any CPU
		{E1AA1974-5316-41F6-87EC-EA01B79372AE}.Release|Any CPU.ActiveCfg = Release|Any CPU
		{E1AA1974-5316-41F6-87EC-EA01B79372AE}.Release|Any CPU.Build.0 = Release|Any CPU
	EndGlobalSection
	GlobalSection(SolutionProperties) = preSolution
		HideSolutionNode = FALSE
	EndGlobalSection
EndGlobal
