
Microsoft Visual Studio Solution File, Format Version 12.00
# Visual Studio 2013
VisualStudioVersion = 12.0.30501.0
MinimumVisualStudioVersion = 10.0.40219.1
Project("{FAE04EC0-301F-11D3-BF4B-00C04F79EFBC}") = "ProveedoresOnLine.FileManager", "ProveedoresOnLine.FileManager\ProveedoresOnLine.FileManager.csproj", "{C4A923FD-6E56-4D9D-B44E-B5E153E8E49A}"
EndProject
Project("{FAE04EC0-301F-11D3-BF4B-00C04F79EFBC}") = "ProveedoresOnLine.FileManager.Test", "ProveedoresOnLine.FileManager.Test\ProveedoresOnLine.FileManager.Test.csproj", "{27DAB6EE-C794-4A21-9574-9D739C291257}"
EndProject
Global
	GlobalSection(SolutionConfigurationPlatforms) = preSolution
		Debug|Any CPU = Debug|Any CPU
		Release|Any CPU = Release|Any CPU
	EndGlobalSection
	GlobalSection(ProjectConfigurationPlatforms) = postSolution
		{C4A923FD-6E56-4D9D-B44E-B5E153E8E49A}.Debug|Any CPU.ActiveCfg = Debug|Any CPU
		{C4A923FD-6E56-4D9D-B44E-B5E153E8E49A}.Debug|Any CPU.Build.0 = Debug|Any CPU
		{C4A923FD-6E56-4D9D-B44E-B5E153E8E49A}.Release|Any CPU.ActiveCfg = Release|Any CPU
		{C4A923FD-6E56-4D9D-B44E-B5E153E8E49A}.Release|Any CPU.Build.0 = Release|Any CPU
		{27DAB6EE-C794-4A21-9574-9D739C291257}.Debug|Any CPU.ActiveCfg = Debug|Any CPU
		{27DAB6EE-C794-4A21-9574-9D739C291257}.Debug|Any CPU.Build.0 = Debug|Any CPU
		{27DAB6EE-C794-4A21-9574-9D739C291257}.Release|Any CPU.ActiveCfg = Release|Any CPU
		{27DAB6EE-C794-4A21-9574-9D739C291257}.Release|Any CPU.Build.0 = Release|Any CPU
	EndGlobalSection
	GlobalSection(SolutionProperties) = preSolution
		HideSolutionNode = FALSE
	EndGlobalSection
EndGlobal
