
Microsoft Visual Studio Solution File, Format Version 12.00
# Visual Studio 2013
VisualStudioVersion = 12.0.31101.0
MinimumVisualStudioVersion = 10.0.40219.1
Project("{FAE04EC0-301F-11D3-BF4B-00C04F79EFBC}") = "ProveedoresOnLine.ThirdKnowledge", "ProveedoresOnLine.ThirdKnowledge\ProveedoresOnLine.ThirdKnowledge.csproj", "{DD514276-29E3-4B4F-B837-D99100C666D6}"
EndProject
Project("{FAE04EC0-301F-11D3-BF4B-00C04F79EFBC}") = "ProveedoresOnLine.ThirdKnowledge.Test", "ProveedoresOnLine.ThirdKnowledge.Test\ProveedoresOnLine.ThirdKnowledge.Test.csproj", "{A2B8776A-970B-4975-9CF3-ED065675D618}"
EndProject
Project("{FAE04EC0-301F-11D3-BF4B-00C04F79EFBC}") = "ProveedoresOnLine.ThirdKnowledgeBatch", "ProveedoresOnLine.ThirdKnowledgeBatch\ProveedoresOnLine.ThirdKnowledgeBatch.csproj", "{CE1C2AB5-F2A8-4A2F-9686-F5C7E25BF5CA}"
EndProject
Global
	GlobalSection(SolutionConfigurationPlatforms) = preSolution
		Debug|Any CPU = Debug|Any CPU
		Release|Any CPU = Release|Any CPU
	EndGlobalSection
	GlobalSection(ProjectConfigurationPlatforms) = postSolution
		{DD514276-29E3-4B4F-B837-D99100C666D6}.Debug|Any CPU.ActiveCfg = Debug|Any CPU
		{DD514276-29E3-4B4F-B837-D99100C666D6}.Debug|Any CPU.Build.0 = Debug|Any CPU
		{DD514276-29E3-4B4F-B837-D99100C666D6}.Release|Any CPU.ActiveCfg = Release|Any CPU
		{DD514276-29E3-4B4F-B837-D99100C666D6}.Release|Any CPU.Build.0 = Release|Any CPU
		{A2B8776A-970B-4975-9CF3-ED065675D618}.Debug|Any CPU.ActiveCfg = Debug|Any CPU
		{A2B8776A-970B-4975-9CF3-ED065675D618}.Debug|Any CPU.Build.0 = Debug|Any CPU
		{A2B8776A-970B-4975-9CF3-ED065675D618}.Release|Any CPU.ActiveCfg = Release|Any CPU
		{A2B8776A-970B-4975-9CF3-ED065675D618}.Release|Any CPU.Build.0 = Release|Any CPU
		{CE1C2AB5-F2A8-4A2F-9686-F5C7E25BF5CA}.Debug|Any CPU.ActiveCfg = Debug|Any CPU
		{CE1C2AB5-F2A8-4A2F-9686-F5C7E25BF5CA}.Debug|Any CPU.Build.0 = Debug|Any CPU
		{CE1C2AB5-F2A8-4A2F-9686-F5C7E25BF5CA}.Release|Any CPU.ActiveCfg = Release|Any CPU
		{CE1C2AB5-F2A8-4A2F-9686-F5C7E25BF5CA}.Release|Any CPU.Build.0 = Release|Any CPU
	EndGlobalSection
	GlobalSection(SolutionProperties) = preSolution
		HideSolutionNode = FALSE
	EndGlobalSection
EndGlobal
