
Microsoft Visual Studio Solution File, Format Version 12.00
# Visual Studio 2013
VisualStudioVersion = 12.0.40629.0
MinimumVisualStudioVersion = 10.0.40219.1
Project("{FAE04EC0-301F-11D3-BF4B-00C04F79EFBC}") = "IntegrationPlatform", "IntegrationPlatform\IntegrationPlatform.csproj", "{7EC0EC65-F71E-4855-91E9-2AECB3A6D604}"
EndProject
Project("{FAE04EC0-301F-11D3-BF4B-00C04F79EFBC}") = "IntegrationPlatform.Test", "IntegrationPlatform.Test\IntegrationPlatform.Test.csproj", "{4086E837-EA32-4EC1-927C-F142AC0ECD97}"
EndProject
Global
	GlobalSection(SolutionConfigurationPlatforms) = preSolution
		Debug|Any CPU = Debug|Any CPU
		Release|Any CPU = Release|Any CPU
	EndGlobalSection
	GlobalSection(ProjectConfigurationPlatforms) = postSolution
		{7EC0EC65-F71E-4855-91E9-2AECB3A6D604}.Debug|Any CPU.ActiveCfg = Debug|Any CPU
		{7EC0EC65-F71E-4855-91E9-2AECB3A6D604}.Debug|Any CPU.Build.0 = Debug|Any CPU
		{7EC0EC65-F71E-4855-91E9-2AECB3A6D604}.Release|Any CPU.ActiveCfg = Release|Any CPU
		{7EC0EC65-F71E-4855-91E9-2AECB3A6D604}.Release|Any CPU.Build.0 = Release|Any CPU
		{4086E837-EA32-4EC1-927C-F142AC0ECD97}.Debug|Any CPU.ActiveCfg = Debug|Any CPU
		{4086E837-EA32-4EC1-927C-F142AC0ECD97}.Debug|Any CPU.Build.0 = Debug|Any CPU
		{4086E837-EA32-4EC1-927C-F142AC0ECD97}.Release|Any CPU.ActiveCfg = Release|Any CPU
		{4086E837-EA32-4EC1-927C-F142AC0ECD97}.Release|Any CPU.Build.0 = Release|Any CPU
	EndGlobalSection
	GlobalSection(SolutionProperties) = preSolution
		HideSolutionNode = FALSE
	EndGlobalSection
EndGlobal
