
Microsoft Visual Studio Solution File, Format Version 12.00
# Visual Studio 2013
VisualStudioVersion = 12.0.31101.0
MinimumVisualStudioVersion = 10.0.40219.1
Project("{FAE04EC0-301F-11D3-BF4B-00C04F79EFBC}") = "ElasticSearchProjectDev", "ElasticSearchProjectDev\ElasticSearchProjectDev.csproj", "{2CFB1441-8D95-4550-8A5E-01AD252FACA4}"
EndProject
Project("{FAE04EC0-301F-11D3-BF4B-00C04F79EFBC}") = "ElasticSearchProjectDevTest", "ElasticSearchProjectDevTest\ElasticSearchProjectDevTest.csproj", "{0F4473B6-0C77-4B6B-8F94-E3BFE9954A07}"
EndProject
Global
	GlobalSection(SolutionConfigurationPlatforms) = preSolution
		Debug|Any CPU = Debug|Any CPU
		Release|Any CPU = Release|Any CPU
	EndGlobalSection
	GlobalSection(ProjectConfigurationPlatforms) = postSolution
		{2CFB1441-8D95-4550-8A5E-01AD252FACA4}.Debug|Any CPU.ActiveCfg = Debug|Any CPU
		{2CFB1441-8D95-4550-8A5E-01AD252FACA4}.Debug|Any CPU.Build.0 = Debug|Any CPU
		{2CFB1441-8D95-4550-8A5E-01AD252FACA4}.Release|Any CPU.ActiveCfg = Release|Any CPU
		{2CFB1441-8D95-4550-8A5E-01AD252FACA4}.Release|Any CPU.Build.0 = Release|Any CPU
		{0F4473B6-0C77-4B6B-8F94-E3BFE9954A07}.Debug|Any CPU.ActiveCfg = Debug|Any CPU
		{0F4473B6-0C77-4B6B-8F94-E3BFE9954A07}.Debug|Any CPU.Build.0 = Debug|Any CPU
		{0F4473B6-0C77-4B6B-8F94-E3BFE9954A07}.Release|Any CPU.ActiveCfg = Release|Any CPU
		{0F4473B6-0C77-4B6B-8F94-E3BFE9954A07}.Release|Any CPU.Build.0 = Release|Any CPU
	EndGlobalSection
	GlobalSection(SolutionProperties) = preSolution
		HideSolutionNode = FALSE
	EndGlobalSection
EndGlobal
