
Microsoft Visual Studio Solution File, Format Version 12.00
# Visual Studio 2013
VisualStudioVersion = 12.0.40629.0
MinimumVisualStudioVersion = 10.0.40219.1
Project("{FAE04EC0-301F-11D3-BF4B-00C04F79EFBC}") = "ProveedoresOnLine.RestrictiveListVerificator", "ProveedoresOnLine.RestrictiveListVerificator\ProveedoresOnLine.RestrictiveListVerificator.csproj", "{EA5F1417-5676-48B4-81B8-AFA18BE61861}"
EndProject
Project("{FAE04EC0-301F-11D3-BF4B-00C04F79EFBC}") = "ProveedoresOnLine.RestrictiveListVerificator.Test", "ProveedoresOnLine.RestrictiveListVerificator.Test\ProveedoresOnLine.RestrictiveListVerificator.Test.csproj", "{723E9E8E-421C-488D-A96A-68F91D71FB8F}"
EndProject
Project("{FAE04EC0-301F-11D3-BF4B-00C04F79EFBC}") = "ProveedoresOnLine.RestrictiveListVerificatorBatch", "ProveedoresOnLine.RestrictiveListVerificator.Batch\ProveedoresOnLine.RestrictiveListVerificatorBatch.csproj", "{A4DA5525-9503-42B8-9DF8-AE2E3784E5CC}"
EndProject
Global
	GlobalSection(SolutionConfigurationPlatforms) = preSolution
		Debug|Any CPU = Debug|Any CPU
		Debug|ARM = Debug|ARM
		Debug|x64 = Debug|x64
		Debug|x86 = Debug|x86
		Release|Any CPU = Release|Any CPU
		Release|ARM = Release|ARM
		Release|x64 = Release|x64
		Release|x86 = Release|x86
	EndGlobalSection
	GlobalSection(ProjectConfigurationPlatforms) = postSolution
		{EA5F1417-5676-48B4-81B8-AFA18BE61861}.Debug|Any CPU.ActiveCfg = Debug|Any CPU
		{EA5F1417-5676-48B4-81B8-AFA18BE61861}.Debug|Any CPU.Build.0 = Debug|Any CPU
		{EA5F1417-5676-48B4-81B8-AFA18BE61861}.Debug|ARM.ActiveCfg = Debug|Any CPU
		{EA5F1417-5676-48B4-81B8-AFA18BE61861}.Debug|x64.ActiveCfg = Debug|Any CPU
		{EA5F1417-5676-48B4-81B8-AFA18BE61861}.Debug|x86.ActiveCfg = Debug|Any CPU
		{EA5F1417-5676-48B4-81B8-AFA18BE61861}.Release|Any CPU.ActiveCfg = Release|Any CPU
		{EA5F1417-5676-48B4-81B8-AFA18BE61861}.Release|Any CPU.Build.0 = Release|Any CPU
		{EA5F1417-5676-48B4-81B8-AFA18BE61861}.Release|ARM.ActiveCfg = Release|Any CPU
		{EA5F1417-5676-48B4-81B8-AFA18BE61861}.Release|x64.ActiveCfg = Release|Any CPU
		{EA5F1417-5676-48B4-81B8-AFA18BE61861}.Release|x86.ActiveCfg = Release|Any CPU
		{723E9E8E-421C-488D-A96A-68F91D71FB8F}.Debug|Any CPU.ActiveCfg = Debug|Any CPU
		{723E9E8E-421C-488D-A96A-68F91D71FB8F}.Debug|Any CPU.Build.0 = Debug|Any CPU
		{723E9E8E-421C-488D-A96A-68F91D71FB8F}.Debug|ARM.ActiveCfg = Debug|Any CPU
		{723E9E8E-421C-488D-A96A-68F91D71FB8F}.Debug|x64.ActiveCfg = Debug|Any CPU
		{723E9E8E-421C-488D-A96A-68F91D71FB8F}.Debug|x86.ActiveCfg = Debug|Any CPU
		{723E9E8E-421C-488D-A96A-68F91D71FB8F}.Release|Any CPU.ActiveCfg = Release|Any CPU
		{723E9E8E-421C-488D-A96A-68F91D71FB8F}.Release|Any CPU.Build.0 = Release|Any CPU
		{723E9E8E-421C-488D-A96A-68F91D71FB8F}.Release|ARM.ActiveCfg = Release|Any CPU
		{723E9E8E-421C-488D-A96A-68F91D71FB8F}.Release|x64.ActiveCfg = Release|Any CPU
		{723E9E8E-421C-488D-A96A-68F91D71FB8F}.Release|x86.ActiveCfg = Release|Any CPU
		{A4DA5525-9503-42B8-9DF8-AE2E3784E5CC}.Debug|Any CPU.ActiveCfg = Debug|Any CPU
		{A4DA5525-9503-42B8-9DF8-AE2E3784E5CC}.Debug|Any CPU.Build.0 = Debug|Any CPU
		{A4DA5525-9503-42B8-9DF8-AE2E3784E5CC}.Debug|ARM.ActiveCfg = Debug|Any CPU
		{A4DA5525-9503-42B8-9DF8-AE2E3784E5CC}.Debug|x64.ActiveCfg = Debug|Any CPU
		{A4DA5525-9503-42B8-9DF8-AE2E3784E5CC}.Debug|x86.ActiveCfg = Debug|Any CPU
		{A4DA5525-9503-42B8-9DF8-AE2E3784E5CC}.Release|Any CPU.ActiveCfg = Release|Any CPU
		{A4DA5525-9503-42B8-9DF8-AE2E3784E5CC}.Release|Any CPU.Build.0 = Release|Any CPU
		{A4DA5525-9503-42B8-9DF8-AE2E3784E5CC}.Release|ARM.ActiveCfg = Release|Any CPU
		{A4DA5525-9503-42B8-9DF8-AE2E3784E5CC}.Release|x64.ActiveCfg = Release|Any CPU
		{A4DA5525-9503-42B8-9DF8-AE2E3784E5CC}.Release|x86.ActiveCfg = Release|Any CPU
	EndGlobalSection
	GlobalSection(SolutionProperties) = preSolution
		HideSolutionNode = FALSE
	EndGlobalSection
EndGlobal
