
Microsoft Visual Studio Solution File, Format Version 12.00
# Visual Studio 2013
VisualStudioVersion = 12.0.31101.0
MinimumVisualStudioVersion = 10.0.40219.1
Project("{FAE04EC0-301F-11D3-BF4B-00C04F79EFBC}") = "IntegrationPlatform.SANOFIProcess", "IntegrationPlattaform.SANOFIProcess\IntegrationPlatform.SANOFIProcess.csproj", "{055FD021-2E72-4B65-88C8-ABE35A7FE9EC}"
EndProject
Project("{FAE04EC0-301F-11D3-BF4B-00C04F79EFBC}") = "IntegrationPlatform.SANOFIProcess.Test", "IntegrationPlatform.SANOFIProcess.Test\IntegrationPlatform.SANOFIProcess.Test.csproj", "{7F6D138D-37A3-4F49-9A4C-EF303D4C433A}"
EndProject
Global
	GlobalSection(SolutionConfigurationPlatforms) = preSolution
		Debug|Any CPU = Debug|Any CPU
		Release|Any CPU = Release|Any CPU
	EndGlobalSection
	GlobalSection(ProjectConfigurationPlatforms) = postSolution
		{055FD021-2E72-4B65-88C8-ABE35A7FE9EC}.Debug|Any CPU.ActiveCfg = Debug|Any CPU
		{055FD021-2E72-4B65-88C8-ABE35A7FE9EC}.Debug|Any CPU.Build.0 = Debug|Any CPU
		{055FD021-2E72-4B65-88C8-ABE35A7FE9EC}.Release|Any CPU.ActiveCfg = Release|Any CPU
		{055FD021-2E72-4B65-88C8-ABE35A7FE9EC}.Release|Any CPU.Build.0 = Release|Any CPU
		{7F6D138D-37A3-4F49-9A4C-EF303D4C433A}.Debug|Any CPU.ActiveCfg = Debug|Any CPU
		{7F6D138D-37A3-4F49-9A4C-EF303D4C433A}.Debug|Any CPU.Build.0 = Debug|Any CPU
		{7F6D138D-37A3-4F49-9A4C-EF303D4C433A}.Release|Any CPU.ActiveCfg = Release|Any CPU
		{7F6D138D-37A3-4F49-9A4C-EF303D4C433A}.Release|Any CPU.Build.0 = Release|Any CPU
	EndGlobalSection
	GlobalSection(SolutionProperties) = preSolution
		HideSolutionNode = FALSE
	EndGlobalSection
EndGlobal
