
Microsoft Visual Studio Solution File, Format Version 12.00
# Visual Studio 2013
VisualStudioVersion = 12.0.30501.0
MinimumVisualStudioVersion = 10.0.40219.1
Project("{FAE04EC0-301F-11D3-BF4B-00C04F79EFBC}") = "ADO", "ADO\ADO.csproj", "{AE66AB6A-CAD4-417C-BBC1-035EEB26F768}"
EndProject
Project("{FAE04EC0-301F-11D3-BF4B-00C04F79EFBC}") = "ADO.Test", "ADO.Test\ADO.Test.csproj", "{0261B555-C3DF-4F92-BB8D-2736EB29AAD4}"
EndProject
Global
	GlobalSection(SolutionConfigurationPlatforms) = preSolution
		Debug|Any CPU = Debug|Any CPU
		Release|Any CPU = Release|Any CPU
	EndGlobalSection
	GlobalSection(ProjectConfigurationPlatforms) = postSolution
		{AE66AB6A-CAD4-417C-BBC1-035EEB26F768}.Debug|Any CPU.ActiveCfg = Debug|Any CPU
		{AE66AB6A-CAD4-417C-BBC1-035EEB26F768}.Debug|Any CPU.Build.0 = Debug|Any CPU
		{AE66AB6A-CAD4-417C-BBC1-035EEB26F768}.Release|Any CPU.ActiveCfg = Release|Any CPU
		{AE66AB6A-CAD4-417C-BBC1-035EEB26F768}.Release|Any CPU.Build.0 = Release|Any CPU
		{0261B555-C3DF-4F92-BB8D-2736EB29AAD4}.Debug|Any CPU.ActiveCfg = Debug|Any CPU
		{0261B555-C3DF-4F92-BB8D-2736EB29AAD4}.Debug|Any CPU.Build.0 = Debug|Any CPU
		{0261B555-C3DF-4F92-BB8D-2736EB29AAD4}.Release|Any CPU.ActiveCfg = Release|Any CPU
		{0261B555-C3DF-4F92-BB8D-2736EB29AAD4}.Release|Any CPU.Build.0 = Release|Any CPU
	EndGlobalSection
	GlobalSection(SolutionProperties) = preSolution
		HideSolutionNode = FALSE
	EndGlobalSection
EndGlobal
